
Microsoft Visual Studio Solution File, Format Version 12.00
# Visual Studio Version 17
VisualStudioVersion = 17.6.33815.320
MinimumVisualStudioVersion = 10.0.40219.1
Project("{FAE04EC0-301F-11D3-BF4B-00C04F79EFBC}") = "blocket 5.0", "blocket 5.0\blocket 5.0.csproj", "{8608BCC4-6C82-43FB-92F3-FFD6446B9266}"
EndProject
Global
	GlobalSection(SolutionConfigurationPlatforms) = preSolution
		Debug|Any CPU = Debug|Any CPU
		Release|Any CPU = Release|Any CPU
	EndGlobalSection
	GlobalSection(ProjectConfigurationPlatforms) = postSolution
		{8608BCC4-6C82-43FB-92F3-FFD6446B9266}.Debug|Any CPU.ActiveCfg = Debug|Any CPU
		{8608BCC4-6C82-43FB-92F3-FFD6446B9266}.Debug|Any CPU.Build.0 = Debug|Any CPU
		{8608BCC4-6C82-43FB-92F3-FFD6446B9266}.Release|Any CPU.ActiveCfg = Release|Any CPU
		{8608BCC4-6C82-43FB-92F3-FFD6446B9266}.Release|Any CPU.Build.0 = Release|Any CPU
	EndGlobalSection
	GlobalSection(SolutionProperties) = preSolution
		HideSolutionNode = FALSE
	EndGlobalSection
	GlobalSection(ExtensibilityGlobals) = postSolution
		SolutionGuid = {DA920068-187C-48FC-99F9-3CBD319A1E89}
	EndGlobalSection
EndGlobal
